Microsoft Visual Studio Solution File, Format Version 12.00
# 17
VisualStudioVersion = 17.7.34031.279
MinimumVisualStudioVersion = 10.0.40219.1
Project("{9A19103F-16F7-4668-BE54-9A1E7A4F7556}") = "Intercode.Toolbox.Core", "Intercode.Toolbox.Core\Intercode.Toolbox.Core.csproj", "{6F896137-AB30-4DD7-B345-D74E31DB8995}"
EndProject
Project("{9A19103F-16F7-4668-BE54-9A1E7A4F7556}") = "Intercode.Toolbox.Core.Benchmarks", "Intercode.Toolbox.Core.Benchmarks\Intercode.Toolbox.Core.Benchmarks.csproj", "{1D0F6646-C7DA-4E4C-8D76-4E43C27996ED}"
EndProject
Project("{9A19103F-16F7-4668-BE54-9A1E7A4F7556}") = "Intercode.Toolbox.Core.Tests", "Intercode.Toolbox.Core.Tests\Intercode.Toolbox.Core.Tests.csproj", "{E6CFAB3A-2D06-4153-A39A-6EDEEA0B3051}"
EndProject
Project("{2150E333-8FDC-42A3-9474-1A3956D46DE8}") = "Tests", "Tests", "{207C7ED0-F5DB-4A72-8461-D954E182B9F9}"
EndProject
Project("{9A19103F-16F7-4668-BE54-9A1E7A4F7556}") = "Intercode.Toolbox.AspNetCore.Extensions", "Intercode.Toolbox.AspNetCore.Extensions\Intercode.Toolbox.AspNetCore.Extensions.csproj", "{0CE01CF0-7953-4F4F-9FCF-8986A10838E1}"
EndProject
Project("{9A19103F-16F7-4668-BE54-9A1E7A4F7556}") = "Intercode.Toolbox.AspNetCore.Extensions.Tests", "Intercode.Toolbox.AspNetCore.Extensions.Tests\Intercode.Toolbox.AspNetCore.Extensions.Tests.csproj", "{A6354056-8F3F-403C-B9DF-C28815A3C518}"
EndProject
Project("{9A19103F-16F7-4668-BE54-9A1E7A4F7556}") = "Intercode.Toolbox.Collections", "Intercode.Toolbox.Collections\Intercode.Toolbox.Collections.csproj", "{AD159BF8-B8C8-4A28-B7B5-6300208FDDD1}"
EndProject
Project("{9A19103F-16F7-4668-BE54-9A1E7A4F7556}") = "Intercode.Toolbox.Collections.Tests", "Intercode.Toolbox.Collections.Tests\Intercode.Toolbox.Collections.Tests.csproj", "{80E6A726-A7B7-4631-8FB9-7AA0EB7F1E83}"
EndProject
Project("{2150E333-8FDC-42A3-9474-1A3956D46DE8}") = "Benchmarks", "Benchmarks", "{29C9DFC8-AB8E-438F-8B9D-8F18CAA33BC0}"
EndProject
Project("{2150E333-8FDC-42A3-9474-1A3956D46DE8}") = "Solution Items", "Solution Items", "{CC6A5D70-875C-4609-BABB-2C0BC533BADA}"
	ProjectSection(SolutionItems) = preProject
		.editorconfig = .editorconfig
		GitVersion.yml = GitVersion.yml
		LICENSE = LICENSE
		README.md = README.md
	EndProjectSection
EndProject
Project("{9A19103F-16F7-4668-BE54-9A1E7A4F7556}") = "Intercode.Toolbox.UnitTesting", "Intercode.Toolbox.UnitTesting\Intercode.Toolbox.UnitTesting.csproj", "{CF5DACF4-8A39-493A-B1A7-0A0320BC68E6}"
EndProject
Project("{9A19103F-16F7-4668-BE54-9A1E7A4F7556}") = "Intercode.Toolbox.UnitTesting.Tests", "Intercode.Toolbox.UnitTesting.Tests\Intercode.Toolbox.UnitTesting.Tests.csproj", "{DA3EC9A7-CC59-4CB3-ADBA-8D5A1D78DD43}"
EndProject
Project("{9A19103F-16F7-4668-BE54-9A1E7A4F7556}") = "Intercode.Toolbox.UnitTesting.XUnit", "Intercode.Toolbox.UnitTesting.XUnit\Intercode.Toolbox.UnitTesting.XUnit.csproj", "{1921BC3D-2BBA-479F-B789-015B481925BD}"
EndProject
Project("{9A19103F-16F7-4668-BE54-9A1E7A4F7556}") = "Intercode.Toolbox.UnitTesting.XUnit.Tests", "Intercode.Toolbox.UnitTesting.XUnit.Tests\Intercode.Toolbox.UnitTesting.XUnit.Tests.csproj", "{75F042DC-96D1-4F2D-A512-AB9EC65F551C}"
EndProject
Project("{9A19103F-16F7-4668-BE54-9A1E7A4F7556}") = "Intercode.Toolbox.TypedPrimitives", "Intercode.Toolbox.TypedPrimitives\Intercode.Toolbox.TypedPrimitives.csproj", "{99FC0B70-F5BF-41D6-83FB-03A679DEA533}"
EndProject
Project("{9A19103F-16F7-4668-BE54-9A1E7A4F7556}") = "Intercode.Toolbox.TypedPrimitives.IntegrationTests", "Intercode.Toolbox.TypedPrimitives.IntegrationTests\Intercode.Toolbox.TypedPrimitives.IntegrationTests.csproj", "{0678401E-D2C6-40C1-9447-A0C2A3742C2F}"
EndProject
Project("{9A19103F-16F7-4668-BE54-9A1E7A4F7556}") = "Intercode.Toolbox.TypedPrimitives.SourceGenerationTests", "Intercode.Toolbox.TypedPrimitives.SourceGenerationTests\Intercode.Toolbox.TypedPrimitives.SourceGenerationTests.csproj", "{545BA897-0433-4FCC-9CDE-39884C05AB27}"
EndProject
Project("{9A19103F-16F7-4668-BE54-9A1E7A4F7556}") = "Intercode.Toolbox.TemplateEngine.Tests", "Intercode.Toolbox.TemplateEngine.Tests\Intercode.Toolbox.TemplateEngine.Tests.csproj", "{DD283EF4-2273-4692-AD18-957052059D19}"
EndProject
Project("{9A19103F-16F7-4668-BE54-9A1E7A4F7556}") = "Intercode.Toolbox.TemplateEngine", "Intercode.Toolbox.TemplateEngine\Intercode.Toolbox.TemplateEngine.csproj", "{226F2ADF-273E-4689-8130-9C599E89B3D4}"
EndProject
Project("{FAE04EC0-301F-11D3-BF4B-00C04F79EFBC}") = "Intercode.Toolbox.TemplateEngine.Benchmarks", "Intercode.Toolbox.TemplateEngine.Benchmarks\Intercode.Toolbox.TemplateEngine.Benchmarks.csproj", "{3F4435A5-C166-4626-90BF-3F8A343F06E9}"
EndProject
Global
	GlobalSection(SolutionConfigurationPlatforms) = preSolution
		Debug|Any CPU = Debug|Any CPU
		Release|Any CPU = Release|Any CPU
	EndGlobalSection
	GlobalSection(ProjectConfigurationPlatforms) = postSolution
		{6F896137-AB30-4DD7-B345-D74E31DB8995}.Debug|Any CPU.ActiveCfg = Debug|Any CPU
		{6F896137-AB30-4DD7-B345-D74E31DB8995}.Debug|Any CPU.Build.0 = Debug|Any CPU
		{6F896137-AB30-4DD7-B345-D74E31DB8995}.Release|Any CPU.ActiveCfg = Release|Any CPU
		{6F896137-AB30-4DD7-B345-D74E31DB8995}.Release|Any CPU.Build.0 = Release|Any CPU
		{1D0F6646-C7DA-4E4C-8D76-4E43C27996ED}.Debug|Any CPU.ActiveCfg = Debug|Any CPU
		{1D0F6646-C7DA-4E4C-8D76-4E43C27996ED}.Debug|Any CPU.Build.0 = Debug|Any CPU
		{1D0F6646-C7DA-4E4C-8D76-4E43C27996ED}.Release|Any CPU.ActiveCfg = Release|Any CPU
		{1D0F6646-C7DA-4E4C-8D76-4E43C27996ED}.Release|Any CPU.Build.0 = Release|Any CPU
		{E6CFAB3A-2D06-4153-A39A-6EDEEA0B3051}.Debug|Any CPU.ActiveCfg = Debug|Any CPU
		{E6CFAB3A-2D06-4153-A39A-6EDEEA0B3051}.Debug|Any CPU.Build.0 = Debug|Any CPU
		{E6CFAB3A-2D06-4153-A39A-6EDEEA0B3051}.Release|Any CPU.ActiveCfg = Release|Any CPU
		{E6CFAB3A-2D06-4153-A39A-6EDEEA0B3051}.Release|Any CPU.Build.0 = Release|Any CPU
		{0CE01CF0-7953-4F4F-9FCF-8986A10838E1}.Debug|Any CPU.ActiveCfg = Debug|Any CPU
		{0CE01CF0-7953-4F4F-9FCF-8986A10838E1}.Debug|Any CPU.Build.0 = Debug|Any CPU
		{0CE01CF0-7953-4F4F-9FCF-8986A10838E1}.Release|Any CPU.ActiveCfg = Release|Any CPU
		{0CE01CF0-7953-4F4F-9FCF-8986A10838E1}.Release|Any CPU.Build.0 = Release|Any CPU
		{A6354056-8F3F-403C-B9DF-C28815A3C518}.Debug|Any CPU.ActiveCfg = Debug|Any CPU
		{A6354056-8F3F-403C-B9DF-C28815A3C518}.Debug|Any CPU.Build.0 = Debug|Any CPU
		{A6354056-8F3F-403C-B9DF-C28815A3C518}.Release|Any CPU.ActiveCfg = Release|Any CPU
		{A6354056-8F3F-403C-B9DF-C28815A3C518}.Release|Any CPU.Build.0 = Release|Any CPU
		{AD159BF8-B8C8-4A28-B7B5-6300208FDDD1}.Debug|Any CPU.ActiveCfg = Debug|Any CPU
		{AD159BF8-B8C8-4A28-B7B5-6300208FDDD1}.Debug|Any CPU.Build.0 = Debug|Any CPU
		{AD159BF8-B8C8-4A28-B7B5-6300208FDDD1}.Release|Any CPU.ActiveCfg = Release|Any CPU
		{AD159BF8-B8C8-4A28-B7B5-6300208FDDD1}.Release|Any CPU.Build.0 = Release|Any CPU
		{80E6A726-A7B7-4631-8FB9-7AA0EB7F1E83}.Debug|Any CPU.ActiveCfg = Debug|Any CPU
		{80E6A726-A7B7-4631-8FB9-7AA0EB7F1E83}.Debug|Any CPU.Build.0 = Debug|Any CPU
		{80E6A726-A7B7-4631-8FB9-7AA0EB7F1E83}.Release|Any CPU.ActiveCfg = Release|Any CPU
		{80E6A726-A7B7-4631-8FB9-7AA0EB7F1E83}.Release|Any CPU.Build.0 = Release|Any CPU
		{CF5DACF4-8A39-493A-B1A7-0A0320BC68E6}.Debug|Any CPU.ActiveCfg = Debug|Any CPU
		{CF5DACF4-8A39-493A-B1A7-0A0320BC68E6}.Debug|Any CPU.Build.0 = Debug|Any CPU
		{CF5DACF4-8A39-493A-B1A7-0A0320BC68E6}.Release|Any CPU.ActiveCfg = Release|Any CPU
		{CF5DACF4-8A39-493A-B1A7-0A0320BC68E6}.Release|Any CPU.Build.0 = Release|Any CPU
		{DA3EC9A7-CC59-4CB3-ADBA-8D5A1D78DD43}.Debug|Any CPU.ActiveCfg = Debug|Any CPU
		{DA3EC9A7-CC59-4CB3-ADBA-8D5A1D78DD43}.Debug|Any CPU.Build.0 = Debug|Any CPU
		{DA3EC9A7-CC59-4CB3-ADBA-8D5A1D78DD43}.Release|Any CPU.ActiveCfg = Release|Any CPU
		{DA3EC9A7-CC59-4CB3-ADBA-8D5A1D78DD43}.Release|Any CPU.Build.0 = Release|Any CPU
		{1921BC3D-2BBA-479F-B789-015B481925BD}.Debug|Any CPU.ActiveCfg = Debug|Any CPU
		{1921BC3D-2BBA-479F-B789-015B481925BD}.Debug|Any CPU.Build.0 = Debug|Any CPU
		{1921BC3D-2BBA-479F-B789-015B481925BD}.Release|Any CPU.ActiveCfg = Release|Any CPU
		{1921BC3D-2BBA-479F-B789-015B481925BD}.Release|Any CPU.Build.0 = Release|Any CPU
		{75F042DC-96D1-4F2D-A512-AB9EC65F551C}.Debug|Any CPU.ActiveCfg = Debug|Any CPU
		{75F042DC-96D1-4F2D-A512-AB9EC65F551C}.Debug|Any CPU.Build.0 = Debug|Any CPU
		{75F042DC-96D1-4F2D-A512-AB9EC65F551C}.Release|Any CPU.ActiveCfg = Release|Any CPU
		{75F042DC-96D1-4F2D-A512-AB9EC65F551C}.Release|Any CPU.Build.0 = Release|Any CPU
		{99FC0B70-F5BF-41D6-83FB-03A679DEA533}.Debug|Any CPU.ActiveCfg = Debug|Any CPU
		{99FC0B70-F5BF-41D6-83FB-03A679DEA533}.Debug|Any CPU.Build.0 = Debug|Any CPU
		{99FC0B70-F5BF-41D6-83FB-03A679DEA533}.Release|Any CPU.ActiveCfg = Release|Any CPU
		{99FC0B70-F5BF-41D6-83FB-03A679DEA533}.Release|Any CPU.Build.0 = Release|Any CPU
		{0678401E-D2C6-40C1-9447-A0C2A3742C2F}.Debug|Any CPU.ActiveCfg = Debug|Any CPU
		{0678401E-D2C6-40C1-9447-A0C2A3742C2F}.Debug|Any CPU.Build.0 = Debug|Any CPU
		{0678401E-D2C6-40C1-9447-A0C2A3742C2F}.Release|Any CPU.ActiveCfg = Release|Any CPU
		{0678401E-D2C6-40C1-9447-A0C2A3742C2F}.Release|Any CPU.Build.0 = Release|Any CPU
		{545BA897-0433-4FCC-9CDE-39884C05AB27}.Debug|Any CPU.ActiveCfg = Debug|Any CPU
		{545BA897-0433-4FCC-9CDE-39884C05AB27}.Debug|Any CPU.Build.0 = Debug|Any CPU
		{545BA897-0433-4FCC-9CDE-39884C05AB27}.Release|Any CPU.ActiveCfg = Release|Any CPU
		{545BA897-0433-4FCC-9CDE-39884C05AB27}.Release|Any CPU.Build.0 = Release|Any CPU
		{DD283EF4-2273-4692-AD18-957052059D19}.Debug|Any CPU.ActiveCfg = Debug|Any CPU
		{DD283EF4-2273-4692-AD18-957052059D19}.Debug|Any CPU.Build.0 = Debug|Any CPU
		{DD283EF4-2273-4692-AD18-957052059D19}.Release|Any CPU.ActiveCfg = Release|Any CPU
		{DD283EF4-2273-4692-AD18-957052059D19}.Release|Any CPU.Build.0 = Release|Any CPU
		{226F2ADF-273E-4689-8130-9C599E89B3D4}.Debug|Any CPU.ActiveCfg = Debug|Any CPU
		{226F2ADF-273E-4689-8130-9C599E89B3D4}.Debug|Any CPU.Build.0 = Debug|Any CPU
		{226F2ADF-273E-4689-8130-9C599E89B3D4}.Release|Any CPU.ActiveCfg = Release|Any CPU
		{226F2ADF-273E-4689-8130-9C599E89B3D4}.Release|Any CPU.Build.0 = Release|Any CPU
		{3F4435A5-C166-4626-90BF-3F8A343F06E9}.Debug|Any CPU.ActiveCfg = Debug|Any CPU
		{3F4435A5-C166-4626-90BF-3F8A343F06E9}.Debug|Any CPU.Build.0 = Debug|Any CPU
		{3F4435A5-C166-4626-90BF-3F8A343F06E9}.Release|Any CPU.ActiveCfg = Release|Any CPU
		{3F4435A5-C166-4626-90BF-3F8A343F06E9}.Release|Any CPU.Build.0 = Release|Any CPU
	EndGlobalSection
	GlobalSection(SolutionProperties) = preSolution
		HideSolutionNode = FALSE
	EndGlobalSection
	GlobalSection(NestedProjects) = preSolution
		{1D0F6646-C7DA-4E4C-8D76-4E43C27996ED} = {29C9DFC8-AB8E-438F-8B9D-8F18CAA33BC0}
		{E6CFAB3A-2D06-4153-A39A-6EDEEA0B3051} = {207C7ED0-F5DB-4A72-8461-D954E182B9F9}
		{A6354056-8F3F-403C-B9DF-C28815A3C518} = {207C7ED0-F5DB-4A72-8461-D954E182B9F9}
		{80E6A726-A7B7-4631-8FB9-7AA0EB7F1E83} = {207C7ED0-F5DB-4A72-8461-D954E182B9F9}
		{DA3EC9A7-CC59-4CB3-ADBA-8D5A1D78DD43} = {207C7ED0-F5DB-4A72-8461-D954E182B9F9}
		{75F042DC-96D1-4F2D-A512-AB9EC65F551C} = {207C7ED0-F5DB-4A72-8461-D954E182B9F9}
		{0678401E-D2C6-40C1-9447-A0C2A3742C2F} = {207C7ED0-F5DB-4A72-8461-D954E182B9F9}
		{545BA897-0433-4FCC-9CDE-39884C05AB27} = {207C7ED0-F5DB-4A72-8461-D954E182B9F9}
		{DD283EF4-2273-4692-AD18-957052059D19} = {207C7ED0-F5DB-4A72-8461-D954E182B9F9}
		{3F4435A5-C166-4626-90BF-3F8A343F06E9} = {29C9DFC8-AB8E-438F-8B9D-8F18CAA33BC0}
	EndGlobalSection
	GlobalSection(ExtensibilityGlobals) = postSolution
		SolutionGuid = {16D06924-33DD-49A9-8C66-91D4D1635A7E}
	EndGlobalSection
EndGlobal
