Microsoft Visual Studio Solution File, Format Version 12.00
# Visual Studio Version 17
VisualStudioVersion = 17.7.34031.279
MinimumVisualStudioVersion = 10.0.40219.1
Project("{9A19103F-16F7-4668-BE54-9A1E7A4F7556}") = "Intercode.Toolbox.Core", "Intercode.Toolbox.Core\Intercode.Toolbox.Core.csproj", "{6F896137-AB30-4DD7-B345-D74E31DB8995}"
EndProject
Project("{9A19103F-16F7-4668-BE54-9A1E7A4F7556}") = "Intercode.Toolbox.Core.Benchmarks", "Intercode.Toolbox.Core.Benchmarks\Intercode.Toolbox.Core.Benchmarks.csproj", "{1D0F6646-C7DA-4E4C-8D76-4E43C27996ED}"
EndProject
Project("{9A19103F-16F7-4668-BE54-9A1E7A4F7556}") = "Intercode.Toolbox.Core.Tests", "Intercode.Toolbox.Core.Tests\Intercode.Toolbox.Core.Tests.csproj", "{E6CFAB3A-2D06-4153-A39A-6EDEEA0B3051}"
EndProject
Project("{2150E333-8FDC-42A3-9474-1A3956D46DE8}") = "Unit Tests", "Unit Tests", "{207C7ED0-F5DB-4A72-8461-D954E182B9F9}"
EndProject
Project("{9A19103F-16F7-4668-BE54-9A1E7A4F7556}") = "Intercode.Toolbox.AspNetCore.Extensions", "Intercode.Toolbox.AspNetCore.Extensions\Intercode.Toolbox.AspNetCore.Extensions.csproj", "{0CE01CF0-7953-4F4F-9FCF-8986A10838E1}"
EndProject
Project("{9A19103F-16F7-4668-BE54-9A1E7A4F7556}") = "Intercode.Toolbox.AspNetCore.Extensions.Tests", "Intercode.Toolbox.AspNetCore.Extensions.Tests\Intercode.Toolbox.AspNetCore.Extensions.Tests.csproj", "{A6354056-8F3F-403C-B9DF-C28815A3C518}"
EndProject
Project("{9A19103F-16F7-4668-BE54-9A1E7A4F7556}") = "Intercode.Toolbox.Collections", "Intercode.Toolbox.Collections\Intercode.Toolbox.Collections.csproj", "{AD159BF8-B8C8-4A28-B7B5-6300208FDDD1}"
EndProject
Project("{9A19103F-16F7-4668-BE54-9A1E7A4F7556}") = "Intercode.Toolbox.Collections.Tests", "Intercode.Toolbox.Collections.Tests\Intercode.Toolbox.Collections.Tests.csproj", "{80E6A726-A7B7-4631-8FB9-7AA0EB7F1E83}"
EndProject
Project("{2150E333-8FDC-42A3-9474-1A3956D46DE8}") = "Benchmarks", "Benchmarks", "{29C9DFC8-AB8E-438F-8B9D-8F18CAA33BC0}"
EndProject
Project("{2150E333-8FDC-42A3-9474-1A3956D46DE8}") = "Solution Items", "Solution Items", "{CC6A5D70-875C-4609-BABB-2C0BC533BADA}"
	ProjectSection(SolutionItems) = preProject
		.editorconfig = .editorconfig
		GitVersion.yml = GitVersion.yml
		LICENSE = LICENSE
		README.md = README.md
	EndProjectSection
EndProject
Global
	GlobalSection(SolutionConfigurationPlatforms) = preSolution
		Debug|Any CPU = Debug|Any CPU
		Release|Any CPU = Release|Any CPU
	EndGlobalSection
	GlobalSection(ProjectConfigurationPlatforms) = postSolution
		{6F896137-AB30-4DD7-B345-D74E31DB8995}.Debug|Any CPU.ActiveCfg = Debug|Any CPU
		{6F896137-AB30-4DD7-B345-D74E31DB8995}.Debug|Any CPU.Build.0 = Debug|Any CPU
		{6F896137-AB30-4DD7-B345-D74E31DB8995}.Release|Any CPU.ActiveCfg = Release|Any CPU
		{6F896137-AB30-4DD7-B345-D74E31DB8995}.Release|Any CPU.Build.0 = Release|Any CPU
		{1D0F6646-C7DA-4E4C-8D76-4E43C27996ED}.Debug|Any CPU.ActiveCfg = Debug|Any CPU
		{1D0F6646-C7DA-4E4C-8D76-4E43C27996ED}.Debug|Any CPU.Build.0 = Debug|Any CPU
		{1D0F6646-C7DA-4E4C-8D76-4E43C27996ED}.Release|Any CPU.ActiveCfg = Release|Any CPU
		{1D0F6646-C7DA-4E4C-8D76-4E43C27996ED}.Release|Any CPU.Build.0 = Release|Any CPU
		{80E6A726-A7B7-4631-8FB9-7AA0EB7F1E83}.Debug|Any CPU.ActiveCfg = Debug|Any CPU
		{80E6A726-A7B7-4631-8FB9-7AA0EB7F1E83}.Debug|Any CPU.Build.0 = Debug|Any CPU
		{80E6A726-A7B7-4631-8FB9-7AA0EB7F1E83}.Release|Any CPU.ActiveCfg = Release|Any CPU
		{80E6A726-A7B7-4631-8FB9-7AA0EB7F1E83}.Release|Any CPU.Build.0 = Release|Any CPU
		{AD159BF8-B8C8-4A28-B7B5-6300208FDDD1}.Debug|Any CPU.ActiveCfg = Debug|Any CPU
		{AD159BF8-B8C8-4A28-B7B5-6300208FDDD1}.Debug|Any CPU.Build.0 = Debug|Any CPU
		{AD159BF8-B8C8-4A28-B7B5-6300208FDDD1}.Release|Any CPU.ActiveCfg = Release|Any CPU
		{AD159BF8-B8C8-4A28-B7B5-6300208FDDD1}.Release|Any CPU.Build.0 = Release|Any CPU
		{E6CFAB3A-2D06-4153-A39A-6EDEEA0B3051}.Debug|Any CPU.ActiveCfg = Debug|Any CPU
		{E6CFAB3A-2D06-4153-A39A-6EDEEA0B3051}.Debug|Any CPU.Build.0 = Debug|Any CPU
		{E6CFAB3A-2D06-4153-A39A-6EDEEA0B3051}.Release|Any CPU.ActiveCfg = Release|Any CPU
		{E6CFAB3A-2D06-4153-A39A-6EDEEA0B3051}.Release|Any CPU.Build.0 = Release|Any CPU
		{0CE01CF0-7953-4F4F-9FCF-8986A10838E1}.Debug|Any CPU.ActiveCfg = Debug|Any CPU
		{0CE01CF0-7953-4F4F-9FCF-8986A10838E1}.Debug|Any CPU.Build.0 = Debug|Any CPU
		{0CE01CF0-7953-4F4F-9FCF-8986A10838E1}.Release|Any CPU.ActiveCfg = Release|Any CPU
		{0CE01CF0-7953-4F4F-9FCF-8986A10838E1}.Release|Any CPU.Build.0 = Release|Any CPU
		{A6354056-8F3F-403C-B9DF-C28815A3C518}.Debug|Any CPU.ActiveCfg = Debug|Any CPU
		{A6354056-8F3F-403C-B9DF-C28815A3C518}.Debug|Any CPU.Build.0 = Debug|Any CPU
		{A6354056-8F3F-403C-B9DF-C28815A3C518}.Release|Any CPU.ActiveCfg = Release|Any CPU
		{A6354056-8F3F-403C-B9DF-C28815A3C518}.Release|Any CPU.Build.0 = Release|Any CPU
	EndGlobalSection
	GlobalSection(SolutionProperties) = preSolution
		HideSolutionNode = FALSE
	EndGlobalSection
	GlobalSection(NestedProjects) = preSolution
		{1D0F6646-C7DA-4E4C-8D76-4E43C27996ED} = {29C9DFC8-AB8E-438F-8B9D-8F18CAA33BC0}
		{80E6A726-A7B7-4631-8FB9-7AA0EB7F1E83} = {207C7ED0-F5DB-4A72-8461-D954E182B9F9}
		{E6CFAB3A-2D06-4153-A39A-6EDEEA0B3051} = {207C7ED0-F5DB-4A72-8461-D954E182B9F9}
		{A6354056-8F3F-403C-B9DF-C28815A3C518} = {207C7ED0-F5DB-4A72-8461-D954E182B9F9}
	EndGlobalSection
	GlobalSection(ExtensibilityGlobals) = postSolution
		SolutionGuid = {16D06924-33DD-49A9-8C66-91D4D1635A7E}
	EndGlobalSection
EndGlobal
.0 = Debug|Any CPU
		{A6354056-8F3F-403C-B9DF-C28815A3C518}.Release|Any CPU.ActiveCfg = Release|Any CPU
		{A6354056-8F3F-403C-B9DF-C28815A3C518}.Release|Any CPU.Build.0 = Release|Any CPU
		{A7D44AE5-3960-4CB8-98C0-68F6F1856D34}.Debug|Any CPU.ActiveCfg = Debug|Any CPU
		{A7D44AE5-3960-4CB8-98C0-68F6F1856D34}.Debug|Any CPU.Build.0 = Debug|Any CPU
		{A7D44AE5-3960-4CB8-98C0-68F6F1856D34}.Release|Any CPU.ActiveCfg = Release|Any CPU
		{A7D44AE5-3960-4CB8-98C0-68F6F1856D34}.Release|Any CPU.Build.0 = Release|Any CPU
	EndGlobalSection
	GlobalSection(SolutionProperties) = preSolution
		HideSolutionNode = FALSE
	EndGlobalSection
	GlobalSection(NestedProjects) = preSolution
		{1D0F6646-C7DA-4E4C-8D76-4E43C27996ED} = {29C9DFC8-AB8E-438F-8B9D-8F18CAA33BC0}
		{80E6A726-A7B7-4631-8FB9-7AA0EB7F1E83} = {207C7ED0-F5DB-4A72-8461-D954E182B9F9}
		{E6CFAB3A-2D06-4153-A39A-6EDEEA0B3051} = {207C7ED0-F5DB-4A72-8461-D954E182B9F9}
		{05E300FD-732F-41C7-B46C-7436D3C17537} = {207C7ED0-F5DB-4A72-8461-D954E182B9F9}
		{A6354056-8F3F-403C-B9DF-C28815A3C518} = {207C7ED0-F5DB-4A72-8461-D954E182B9F9}
		{A7D44AE5-3960-4CB8-98C0-68F6F1856D34} = {207C7ED0-F5DB-4A72-8461-D954E182B9F9}
	EndGlobalSection
	GlobalSection(ExtensibilityGlobals) = postSolution
		SolutionGuid = {16D06924-33DD-49A9-8C66-91D4D1635A7E}
	EndGlobalSection
EndGlobal
0C68A587-2530-47EE-B5B0-B155474A0DD2}.Release|Any CPU.Build.0 = Release|Any CPU
		{BA7811DF-5322-47E6-A84D-3381408A3309}.Debug|Any CPU.ActiveCfg = Debug|Any CPU
		{BA7811DF-5322-47E6-A84D-3381408A3309}.Debug|Any CPU.Build.0 = Debug|Any CPU
		{BA7811DF-5322-47E6-A84D-3381408A3309}.Release|Any CPU.ActiveCfg = Release|Any CPU
		{BA7811DF-5322-47E6-A84D-3381408A3309}.Release|Any CPU.Build.0 = Release|Any CPU
		{05E300FD-732F-41C7-B46C-7436D3C17537}.Debug|Any CPU.ActiveCfg = Debug|Any CPU
		{05E300FD-732F-41C7-B46C-7436D3C17537}.Debug|Any CPU.Build.0 = Debug|Any CPU
		{05E300FD-732F-41C7-B46C-7436D3C17537}.Release|Any CPU.ActiveCfg = Release|Any CPU
		{05E300FD-732F-41C7-B46C-7436D3C17537}.Release|Any CPU.Build.0 = Release|Any CPU
		{0CE01CF0-7953-4F4F-9FCF-8986A10838E1}.Debug|Any CPU.ActiveCfg = Debug|Any CPU
		{0CE01CF0-7953-4F4F-9FCF-8986A10838E1}.Debug|Any CPU.Build.0 = Debug|Any CPU
		{0CE01CF0-7953-4F4F-9FCF-8986A10838E1}.Release|Any CPU.ActiveCfg = Release|Any CPU
		{0CE01CF0-7953-4F4F-9FCF-8986A10838E1}.Release|Any CPU.Build.0 = Release|Any CPU
		{A6354056-8F3F-403C-B9DF-C28815A3C518}.Debug|Any CPU.ActiveCfg = Debug|Any CPU
		{A6354056-8F3F-403C-B9DF-C28815A3C518}.Debug|Any CPU.Build.0 = Debug|Any CPU
		{A6354056-8F3F-403C-B9DF-C28815A3C518}.Release|Any CPU.ActiveCfg = Release|Any CPU
		{A6354056-8F3F-403C-B9DF-C28815A3C518}.Release|Any CPU.Build.0 = Release|Any CPU
		{B1F676E9-1891-428A-A23B-924552509A74}.Debug|Any CPU.ActiveCfg = Debug|Any CPU
		{B1F676E9-1891-428A-A23B-924552509A74}.Debug|Any CPU.Build.0 = Debug|Any CPU
		{B1F676E9-1891-428A-A23B-924552509A74}.Release|Any CPU.ActiveCfg = Release|Any CPU
		{B1F676E9-1891-428A-A23B-924552509A74}.Release|Any CPU.Build.0 = Release|Any CPU
		{7AEA5219-4CF7-4681-BBBE-BB483120BAB5}.Debug|Any CPU.ActiveCfg = Debug|Any CPU
		{7AEA5219-4CF7-4681-BBBE-BB483120BAB5}.Debug|Any CPU.Build.0 = Debug|Any CPU
		{7AEA5219-4CF7-4681-BBBE-BB483120BAB5}.Release|Any CPU.ActiveCfg = Release|Any CPU
		{7AEA5219-4CF7-4681-BBBE-BB483120BAB5}.Release|Any CPU.Build.0 = Release|Any CPU
		{3E97C39C-D6A5-4A6A-8332-9FCD08B607E5}.Debug|Any CPU.ActiveCfg = Debug|Any CPU
		{3E97C39C-D6A5-4A6A-8332-9FCD08B607E5}.Debug|Any CPU.Build.0 = Debug|Any CPU
		{3E97C39C-D6A5-4A6A-8332-9FCD08B607E5}.Release|Any CPU.ActiveCfg = Release|Any CPU
		{3E97C39C-D6A5-4A6A-8332-9FCD08B607E5}.Release|Any CPU.Build.0 = Release|Any CPU
		{A7D44AE5-3960-4CB8-98C0-68F6F1856D34}.Debug|Any CPU.ActiveCfg = Debug|Any CPU
		{A7D44AE5-3960-4CB8-98C0-68F6F1856D34}.Debug|Any CPU.Build.0 = Debug|Any CPU
		{A7D44AE5-3960-4CB8-98C0-68F6F1856D34}.Release|Any CPU.ActiveCfg = Release|Any CPU
		{A7D44AE5-3960-4CB8-98C0-68F6F1856D34}.Release|Any CPU.Build.0 = Release|Any CPU
	EndGlobalSection
	GlobalSection(SolutionProperties) = preSolution
		HideSolutionNode = FALSE
	EndGlobalSection
	GlobalSection(NestedProjects) = preSolution
		{1D0F6646-C7DA-4E4C-8D76-4E43C27996ED} = {29C9DFC8-AB8E-438F-8B9D-8F18CAA33BC0}
		{80E6A726-A7B7-4631-8FB9-7AA0EB7F1E83} = {207C7ED0-F5DB-4A72-8461-D954E182B9F9}
		{E6CFAB3A-2D06-4153-A39A-6EDEEA0B3051} = {207C7ED0-F5DB-4A72-8461-D954E182B9F9}
		{05E300FD-732F-41C7-B46C-7436D3C17537} = {207C7ED0-F5DB-4A72-8461-D954E182B9F9}
		{A6354056-8F3F-403C-B9DF-C28815A3C518} = {207C7ED0-F5DB-4A72-8461-D954E182B9F9}
		{A7D44AE5-3960-4CB8-98C0-68F6F1856D34} = {207C7ED0-F5DB-4A72-8461-D954E182B9F9}
	EndGlobalSection
	GlobalSection(ExtensibilityGlobals) = postSolution
		SolutionGuid = {16D06924-33DD-49A9-8C66-91D4D1635A7E}
	EndGlobalSection
EndGlobal
